
Microsoft Visual Studio Solution File, Format Version 12.00
# Visual Studio Version 17
VisualStudioVersion = 17.7.34031.279
MinimumVisualStudioVersion = 10.0.40219.1
Project("{9A19103F-16F7-4668-BE54-9A1E7A4F7556}") = "Project", "Project.csproj", "{185E3673-D2A4-4783-BDF6-71FAF29407FB}"
EndProject
Project("{FAE04EC0-301F-11D3-BF4B-00C04F79EFBC}") = "Project_Tests", "..\Project_Tests\Project_Tests.csproj", "{37C8DD65-28FD-4792-BBFB-0A35292327C9}"
EndProject
Global
	GlobalSection(SolutionConfigurationPlatforms) = preSolution
		Debug|Any CPU = Debug|Any CPU
		Release|Any CPU = Release|Any CPU
	EndGlobalSection
	GlobalSection(ProjectConfigurationPlatforms) = postSolution
		{185E3673-D2A4-4783-BDF6-71FAF29407FB}.Debug|Any CPU.ActiveCfg = Debug|Any CPU
		{185E3673-D2A4-4783-BDF6-71FAF29407FB}.Debug|Any CPU.Build.0 = Debug|Any CPU
		{185E3673-D2A4-4783-BDF6-71FAF29407FB}.Release|Any CPU.ActiveCfg = Release|Any CPU
		{185E3673-D2A4-4783-BDF6-71FAF29407FB}.Release|Any CPU.Build.0 = Release|Any CPU
		{37C8DD65-28FD-4792-BBFB-0A35292327C9}.Debug|Any CPU.ActiveCfg = Debug|Any CPU
		{37C8DD65-28FD-4792-BBFB-0A35292327C9}.Debug|Any CPU.Build.0 = Debug|Any CPU
		{37C8DD65-28FD-4792-BBFB-0A35292327C9}.Release|Any CPU.ActiveCfg = Release|Any CPU
		{37C8DD65-28FD-4792-BBFB-0A35292327C9}.Release|Any CPU.Build.0 = Release|Any CPU
	EndGlobalSection
	GlobalSection(SolutionProperties) = preSolution
		HideSolutionNode = FALSE
	EndGlobalSection
	GlobalSection(ExtensibilityGlobals) = postSolution
		SolutionGuid = {75B007BF-C741-4FCD-9DFE-1ECCD480C1EC}
	EndGlobalSection
EndGlobal
